Microsoft Visual Studio Solution File, Format Version 12.00
# Visual Studio Version 17
VisualStudioVersion = 17.8.34112.263
MinimumVisualStudioVersion = 10.0.40219.1
Project("{FAE04EC0-301F-11D3-BF4B-00C04F79EFBC}") = "ConfigSetup.Domain", "src\ConfigSetup.Domain\ConfigSetup.Domain.csproj", "{0C0D9083-C96C-45E6-B7B1-A3C8AA1B6C01}"
EndProject
Project("{FAE04EC0-301F-11D3-BF4B-00C04F79EFBC}") = "ConfigSetup.Application", "src\ConfigSetup.Application\ConfigSetup.Application.csproj", "{94933F17-B632-4A55-927E-6F85A10F4018}"
EndProject
Project("{FAE04EC0-301F-11D3-BF4B-00C04F79EFBC}") = "ConfigSetup.Web", "src\ConfigSetup.Web\ConfigSetup.Web.csproj", "{BDFF14F2-57CE-4852-B76D-486B540D5C1B}"
EndProject
Project("{FAE04EC0-301F-11D3-BF4B-00C04F79EFBC}") = "ConfigSetup.Tests", "tests\ConfigSetup.Tests\ConfigSetup.Tests.csproj", "{329CCCCC-1F27-45A0-A8DC-F0ED8EDFCCD9}"
EndProject
Global
    GlobalSection(SolutionConfigurationPlatforms) = preSolution
        Debug|Any CPU = Debug|Any CPU
        Release|Any CPU = Release|Any CPU
    EndGlobalSection
    GlobalSection(ProjectConfigurationPlatforms) = postSolution
        {0C0D9083-C96C-45E6-B7B1-A3C8AA1B6C01}.Debug|Any CPU.ActiveCfg = Debug|Any CPU
        {0C0D9083-C96C-45E6-B7B1-A3C8AA1B6C01}.Debug|Any CPU.Build.0 = Debug|Any CPU
        {0C0D9083-C96C-45E6-B7B1-A3C8AA1B6C01}.Release|Any CPU.ActiveCfg = Release|Any CPU
        {0C0D9083-C96C-45E6-B7B1-A3C8AA1B6C01}.Release|Any CPU.Build.0 = Release|Any CPU
        {94933F17-B632-4A55-927E-6F85A10F4018}.Debug|Any CPU.ActiveCfg = Debug|Any CPU
        {94933F17-B632-4A55-927E-6F85A10F4018}.Debug|Any CPU.Build.0 = Debug|Any CPU
        {94933F17-B632-4A55-927E-6F85A10F4018}.Release|Any CPU.ActiveCfg = Release|Any CPU
        {94933F17-B632-4A55-927E-6F85A10F4018}.Release|Any CPU.Build.0 = Release|Any CPU
        {BDFF14F2-57CE-4852-B76D-486B540D5C1B}.Debug|Any CPU.ActiveCfg = Debug|Any CPU
        {BDFF14F2-57CE-4852-B76D-486B540D5C1B}.Debug|Any CPU.Build.0 = Debug|Any CPU
        {BDFF14F2-57CE-4852-B76D-486B540D5C1B}.Release|Any CPU.ActiveCfg = Release|Any CPU
        {BDFF14F2-57CE-4852-B76D-486B540D5C1B}.Release|Any CPU.Build.0 = Release|Any CPU
        {329CCCCC-1F27-45A0-A8DC-F0ED8EDFCCD9}.Debug|Any CPU.ActiveCfg = Debug|Any CPU
        {329CCCCC-1F27-45A0-A8DC-F0ED8EDFCCD9}.Debug|Any CPU.Build.0 = Debug|Any CPU
        {329CCCCC-1F27-45A0-A8DC-F0ED8EDFCCD9}.Release|Any CPU.ActiveCfg = Release|Any CPU
        {329CCCCC-1F27-45A0-A8DC-F0ED8EDFCCD9}.Release|Any CPU.Build.0 = Release|Any CPU
    EndGlobalSection
    GlobalSection(SolutionProperties) = preSolution
        HideSolutionNode = FALSE
    EndGlobalSection
    GlobalSection(ExtensibilityGlobals) = postSolution
        SolutionGuid = {EDC7F900-40E7-4D03-8EA5-2CB66C4129F5}
    EndGlobalSection
EndGlobal
