
Microsoft Visual Studio Solution File, Format Version 12.00
# Visual Studio Version 17
VisualStudioVersion = 17.0.31903.59
MinimumVisualStudioVersion = 10.0.40219.1
Project("{FAE04EC0-301F-11D3-BF4B-00C04F79EFBC}") = "ConfigurationService.Contracts", "ConfigurationService.Contracts\ConfigurationService.Contracts.csproj", "{7A6EE588-FF77-44AE-B559-8B2D4669A36E}"
EndProject
Project("{FAE04EC0-301F-11D3-BF4B-00C04F79EFBC}") = "ConfigurationService.Domain", "ConfigurationService.Domain\ConfigurationService.Domain.csproj", "{661C0645-114B-4865-9008-1A992047594C}"
EndProject
Project("{FAE04EC0-301F-11D3-BF4B-00C04F79EFBC}") = "ConfigurationService.Application", "ConfigurationService.Application\ConfigurationService.Application.csproj", "{68E63253-1BDB-4DBF-AB5F-B268A3F832F1}"
EndProject
Project("{FAE04EC0-301F-11D3-BF4B-00C04F79EFBC}") = "ConfigurationService.Infrastructure", "ConfigurationService.Infrastructure\ConfigurationService.Infrastructure.csproj", "{1ECE1A72-ED61-4803-88D4-1AA02F89AAA2}"
EndProject
Global
	GlobalSection(SolutionConfigurationPlatforms) = preSolution
		Debug|Any CPU = Debug|Any CPU
		Debug|x64 = Debug|x64
		Debug|x86 = Debug|x86
		Release|Any CPU = Release|Any CPU
		Release|x64 = Release|x64
		Release|x86 = Release|x86
	EndGlobalSection
	GlobalSection(ProjectConfigurationPlatforms) = postSolution
		{7A6EE588-FF77-44AE-B559-8B2D4669A36E}.Debug|Any CPU.ActiveCfg = Debug|Any CPU
		{7A6EE588-FF77-44AE-B559-8B2D4669A36E}.Debug|Any CPU.Build.0 = Debug|Any CPU
		{7A6EE588-FF77-44AE-B559-8B2D4669A36E}.Debug|x64.ActiveCfg = Debug|Any CPU
		{7A6EE588-FF77-44AE-B559-8B2D4669A36E}.Debug|x64.Build.0 = Debug|Any CPU
		{7A6EE588-FF77-44AE-B559-8B2D4669A36E}.Debug|x86.ActiveCfg = Debug|Any CPU
		{7A6EE588-FF77-44AE-B559-8B2D4669A36E}.Debug|x86.Build.0 = Debug|Any CPU
		{7A6EE588-FF77-44AE-B559-8B2D4669A36E}.Release|Any CPU.ActiveCfg = Release|Any CPU
		{7A6EE588-FF77-44AE-B559-8B2D4669A36E}.Release|Any CPU.Build.0 = Release|Any CPU
		{7A6EE588-FF77-44AE-B559-8B2D4669A36E}.Release|x64.ActiveCfg = Release|Any CPU
		{7A6EE588-FF77-44AE-B559-8B2D4669A36E}.Release|x64.Build.0 = Release|Any CPU
		{7A6EE588-FF77-44AE-B559-8B2D4669A36E}.Release|x86.ActiveCfg = Release|Any CPU
		{7A6EE588-FF77-44AE-B559-8B2D4669A36E}.Release|x86.Build.0 = Release|Any CPU
		{661C0645-114B-4865-9008-1A992047594C}.Debug|Any CPU.ActiveCfg = Debug|Any CPU
		{661C0645-114B-4865-9008-1A992047594C}.Debug|Any CPU.Build.0 = Debug|Any CPU
		{661C0645-114B-4865-9008-1A992047594C}.Debug|x64.ActiveCfg = Debug|Any CPU
		{661C0645-114B-4865-9008-1A992047594C}.Debug|x64.Build.0 = Debug|Any CPU
		{661C0645-114B-4865-9008-1A992047594C}.Debug|x86.ActiveCfg = Debug|Any CPU
		{661C0645-114B-4865-9008-1A992047594C}.Debug|x86.Build.0 = Debug|Any CPU
		{661C0645-114B-4865-9008-1A992047594C}.Release|Any CPU.ActiveCfg = Release|Any CPU
		{661C0645-114B-4865-9008-1A992047594C}.Release|Any CPU.Build.0 = Release|Any CPU
		{661C0645-114B-4865-9008-1A992047594C}.Release|x64.ActiveCfg = Release|Any CPU
		{661C0645-114B-4865-9008-1A992047594C}.Release|x64.Build.0 = Release|Any CPU
		{661C0645-114B-4865-9008-1A992047594C}.Release|x86.ActiveCfg = Release|Any CPU
		{661C0645-114B-4865-9008-1A992047594C}.Release|x86.Build.0 = Release|Any CPU
		{68E63253-1BDB-4DBF-AB5F-B268A3F832F1}.Debug|Any CPU.ActiveCfg = Debug|Any CPU
		{68E63253-1BDB-4DBF-AB5F-B268A3F832F1}.Debug|Any CPU.Build.0 = Debug|Any CPU
		{68E63253-1BDB-4DBF-AB5F-B268A3F832F1}.Debug|x64.ActiveCfg = Debug|Any CPU
		{68E63253-1BDB-4DBF-AB5F-B268A3F832F1}.Debug|x64.Build.0 = Debug|Any CPU
		{68E63253-1BDB-4DBF-AB5F-B268A3F832F1}.Debug|x86.ActiveCfg = Debug|Any CPU
		{68E63253-1BDB-4DBF-AB5F-B268A3F832F1}.Debug|x86.Build.0 = Debug|Any CPU
		{68E63253-1BDB-4DBF-AB5F-B268A3F832F1}.Release|Any CPU.ActiveCfg = Release|Any CPU
		{68E63253-1BDB-4DBF-AB5F-B268A3F832F1}.Release|Any CPU.Build.0 = Release|Any CPU
		{68E63253-1BDB-4DBF-AB5F-B268A3F832F1}.Release|x64.ActiveCfg = Release|Any CPU
		{68E63253-1BDB-4DBF-AB5F-B268A3F832F1}.Release|x64.Build.0 = Release|Any CPU
		{68E63253-1BDB-4DBF-AB5F-B268A3F832F1}.Release|x86.ActiveCfg = Release|Any CPU
		{68E63253-1BDB-4DBF-AB5F-B268A3F832F1}.Release|x86.Build.0 = Release|Any CPU
		{1ECE1A72-ED61-4803-88D4-1AA02F89AAA2}.Debug|Any CPU.ActiveCfg = Debug|Any CPU
		{1ECE1A72-ED61-4803-88D4-1AA02F89AAA2}.Debug|Any CPU.Build.0 = Debug|Any CPU
		{1ECE1A72-ED61-4803-88D4-1AA02F89AAA2}.Debug|x64.ActiveCfg = Debug|Any CPU
		{1ECE1A72-ED61-4803-88D4-1AA02F89AAA2}.Debug|x64.Build.0 = Debug|Any CPU
		{1ECE1A72-ED61-4803-88D4-1AA02F89AAA2}.Debug|x86.ActiveCfg = Debug|Any CPU
		{1ECE1A72-ED61-4803-88D4-1AA02F89AAA2}.Debug|x86.Build.0 = Debug|Any CPU
		{1ECE1A72-ED61-4803-88D4-1AA02F89AAA2}.Release|Any CPU.ActiveCfg = Release|Any CPU
		{1ECE1A72-ED61-4803-88D4-1AA02F89AAA2}.Release|Any CPU.Build.0 = Release|Any CPU
		{1ECE1A72-ED61-4803-88D4-1AA02F89AAA2}.Release|x64.ActiveCfg = Release|Any CPU
		{1ECE1A72-ED61-4803-88D4-1AA02F89AAA2}.Release|x64.Build.0 = Release|Any CPU
		{1ECE1A72-ED61-4803-88D4-1AA02F89AAA2}.Release|x86.ActiveCfg = Release|Any CPU
		{1ECE1A72-ED61-4803-88D4-1AA02F89AAA2}.Release|x86.Build.0 = Release|Any CPU
	EndGlobalSection
	GlobalSection(SolutionProperties) = preSolution
		HideSolutionNode = FALSE
	EndGlobalSection
	GlobalSection(ExtensibilityGlobals) = postSolution
		SolutionGuid = {01A5ADC4-6964-4324-8D29-82CF151F2AF6}
	EndGlobalSection
EndGlobal
