
Microsoft Visual Studio Solution File, Format Version 12.00
# Visual Studio Version 17
VisualStudioVersion = 17.0.31903.59
MinimumVisualStudioVersion = 10.0.40219.1
Project("{2150E333-8FDC-42A3-9474-1A3956D46DE8}") = "src", "src", "{CF995B42-D86E-4615-9403-846D71A76895}"
EndProject
Project("{FAE04EC0-301F-11D3-BF4B-00C04F79EFBC}") = "ConfigSetup.Domain", "src\ConfigSetup.Domain\ConfigSetup.Domain.csproj", "{3DAEDE79-7F3E-4AB6-987C-B86279151819}"
EndProject
Project("{FAE04EC0-301F-11D3-BF4B-00C04F79EFBC}") = "ConfigSetup.Application", "src\ConfigSetup.Application\ConfigSetup.Application.csproj", "{BFF345A6-E60F-4931-AFF1-88D9834F22B9}"
EndProject
Project("{FAE04EC0-301F-11D3-BF4B-00C04F79EFBC}") = "ConfigSetup.Web", "src\ConfigSetup.Web\ConfigSetup.Web.csproj", "{FC7EDB49-B4D6-415D-B1D4-DB520EB213B0}"
EndProject
Project("{2150E333-8FDC-42A3-9474-1A3956D46DE8}") = "tests", "tests", "{E4CB760A-5FE5-4C96-B010-9F0991457CC5}"
EndProject
Project("{FAE04EC0-301F-11D3-BF4B-00C04F79EFBC}") = "ConfigSetup.Tests", "tests\ConfigSetup.Tests\ConfigSetup.Tests.csproj", "{C6BC819F-9E1F-42C9-A496-29C6236531AD}"
EndProject
Global
	GlobalSection(SolutionConfigurationPlatforms) = preSolution
		Debug|Any CPU = Debug|Any CPU
		Release|Any CPU = Release|Any CPU
	EndGlobalSection
	GlobalSection(SolutionProperties) = preSolution
		HideSolutionNode = FALSE
	EndGlobalSection
	GlobalSection(ProjectConfigurationPlatforms) = postSolution
		{3DAEDE79-7F3E-4AB6-987C-B86279151819}.Debug|Any CPU.ActiveCfg = Debug|Any CPU
		{3DAEDE79-7F3E-4AB6-987C-B86279151819}.Debug|Any CPU.Build.0 = Debug|Any CPU
		{3DAEDE79-7F3E-4AB6-987C-B86279151819}.Release|Any CPU.ActiveCfg = Release|Any CPU
		{3DAEDE79-7F3E-4AB6-987C-B86279151819}.Release|Any CPU.Build.0 = Release|Any CPU
		{BFF345A6-E60F-4931-AFF1-88D9834F22B9}.Debug|Any CPU.ActiveCfg = Debug|Any CPU
		{BFF345A6-E60F-4931-AFF1-88D9834F22B9}.Debug|Any CPU.Build.0 = Debug|Any CPU
		{BFF345A6-E60F-4931-AFF1-88D9834F22B9}.Release|Any CPU.ActiveCfg = Release|Any CPU
		{BFF345A6-E60F-4931-AFF1-88D9834F22B9}.Release|Any CPU.Build.0 = Release|Any CPU
		{FC7EDB49-B4D6-415D-B1D4-DB520EB213B0}.Debug|Any CPU.ActiveCfg = Debug|Any CPU
		{FC7EDB49-B4D6-415D-B1D4-DB520EB213B0}.Debug|Any CPU.Build.0 = Debug|Any CPU
		{FC7EDB49-B4D6-415D-B1D4-DB520EB213B0}.Release|Any CPU.ActiveCfg = Release|Any CPU
		{FC7EDB49-B4D6-415D-B1D4-DB520EB213B0}.Release|Any CPU.Build.0 = Release|Any CPU
		{C6BC819F-9E1F-42C9-A496-29C6236531AD}.Debug|Any CPU.ActiveCfg = Debug|Any CPU
		{C6BC819F-9E1F-42C9-A496-29C6236531AD}.Debug|Any CPU.Build.0 = Debug|Any CPU
		{C6BC819F-9E1F-42C9-A496-29C6236531AD}.Release|Any CPU.ActiveCfg = Release|Any CPU
		{C6BC819F-9E1F-42C9-A496-29C6236531AD}.Release|Any CPU.Build.0 = Release|Any CPU
	EndGlobalSection
	GlobalSection(NestedProjects) = preSolution
		{3DAEDE79-7F3E-4AB6-987C-B86279151819} = {CF995B42-D86E-4615-9403-846D71A76895}
		{BFF345A6-E60F-4931-AFF1-88D9834F22B9} = {CF995B42-D86E-4615-9403-846D71A76895}
		{FC7EDB49-B4D6-415D-B1D4-DB520EB213B0} = {CF995B42-D86E-4615-9403-846D71A76895}
		{C6BC819F-9E1F-42C9-A496-29C6236531AD} = {E4CB760A-5FE5-4C96-B010-9F0991457CC5}
	EndGlobalSection
EndGlobal
