
Microsoft Visual Studio Solution File, Format Version 12.00
# Visual Studio Version 17
VisualStudioVersion = 17.14.36221.1 d17.14
MinimumVisualStudioVersion = 10.0.40219.1
Project("{FAE04EC0-301F-11D3-BF4B-00C04F79EFBC}") = "telerik-getting-started", "telerik-getting-started\telerik-getting-started.csproj", "{5D391A21-F1BC-478F-98BF-BA1A0E2C745B}"
EndProject
Global
	GlobalSection(SolutionConfigurationPlatforms) = preSolution
		Debug|Any CPU = Debug|Any CPU
		Release|Any CPU = Release|Any CPU
	EndGlobalSection
	GlobalSection(ProjectConfigurationPlatforms) = postSolution
		{5D391A21-F1BC-478F-98BF-BA1A0E2C745B}.Debug|Any CPU.ActiveCfg = Debug|Any CPU
		{5D391A21-F1BC-478F-98BF-BA1A0E2C745B}.Debug|Any CPU.Build.0 = Debug|Any CPU
		{5D391A21-F1BC-478F-98BF-BA1A0E2C745B}.Release|Any CPU.ActiveCfg = Release|Any CPU
		{5D391A21-F1BC-478F-98BF-BA1A0E2C745B}.Release|Any CPU.Build.0 = Release|Any CPU
	EndGlobalSection
	GlobalSection(SolutionProperties) = preSolution
		HideSolutionNode = FALSE
	EndGlobalSection
	GlobalSection(ExtensibilityGlobals) = postSolution
		SolutionGuid = {CBE92609-804D-4D61-A17C-D1D830CD5C9F}
	EndGlobalSection
EndGlobal
